
Microsoft Visual Studio Solution File, Format Version 12.00
# Visual Studio Version 17
VisualStudioVersion = 17.4.33205.214
MinimumVisualStudioVersion = 10.0.40219.1
Project("{FAE04EC0-301F-11D3-BF4B-00C04F79EFBC}") = "test", "test.csproj", "{3771B183-E870-482E-B231-7D4C94D19FDA}"
EndProject
Global
	GlobalSection(SolutionConfigurationPlatforms) = preSolution
		Debug|Any CPU = Debug|Any CPU
		Release|Any CPU = Release|Any CPU
	EndGlobalSection
	GlobalSection(ProjectConfigurationPlatforms) = postSolution
		{3771B183-E870-482E-B231-7D4C94D19FDA}.Debug|Any CPU.ActiveCfg = Debug|Any CPU
		{3771B183-E870-482E-B231-7D4C94D19FDA}.Debug|Any CPU.Build.0 = Debug|Any CPU
		{3771B183-E870-482E-B231-7D4C94D19FDA}.Release|Any CPU.ActiveCfg = Release|Any CPU
		{3771B183-E870-482E-B231-7D4C94D19FDA}.Release|Any CPU.Build.0 = Release|Any CPU
	EndGlobalSection
	GlobalSection(SolutionProperties) = preSolution
		HideSolutionNode = FALSE
	EndGlobalSection
	GlobalSection(ExtensibilityGlobals) = postSolution
		SolutionGuid = {39F55541-A71C-4039-BB4E-280252CF51FD}
	EndGlobalSection
EndGlobal
